
Microsoft Visual Studio Solution File, Format Version 12.00
# Visual Studio 2013
VisualStudioVersion = 12.0.21005.1
MinimumVisualStudioVersion = 10.0.40219.1
Project("{FAE04EC0-301F-11D3-BF4B-00C04F79EFBC}") = "Signature_Client_Server", "Signature_Client_Server\Signature_Client_Server.csproj", "{B7AC9959-A21D-4DC2-AFAD-411CBA828D9A}"
EndProject
Project("{FAE04EC0-301F-11D3-BF4B-00C04F79EFBC}") = "Alice", "Alice\Alice.csproj", "{1C4399AC-FDB6-4C4C-88F8-EDF39E545783}"
EndProject
Project("{FAE04EC0-301F-11D3-BF4B-00C04F79EFBC}") = "TextEncryption", "TextEncryption\TextEncryption.csproj", "{35AB4AAD-0E16-472E-B758-8D545162DEC6}"
EndProject
Project("{FAE04EC0-301F-11D3-BF4B-00C04F79EFBC}") = "Bob", "Bob\Bob.csproj", "{EC4AF814-44B8-4F13-A731-BAB5C1E40B53}"
EndProject
Project("{FAE04EC0-301F-11D3-BF4B-00C04F79EFBC}") = "AliceClient", "AliceClient\AliceClient.csproj", "{50E16778-BEEE-4D63-BFDF-7FAA221223E5}"
EndProject
Project("{FAE04EC0-301F-11D3-BF4B-00C04F79EFBC}") = "BobService", "BobService\BobService.csproj", "{3B4F3645-E8AE-4FFE-8B5D-722D00AEF762}"
EndProject
Project("{FAE04EC0-301F-11D3-BF4B-00C04F79EFBC}") = "KeyInstall", "KeyInstall\KeyInstall.csproj", "{DDE503DD-8241-4857-9088-6880502AE57D}"
EndProject
Project("{FAE04EC0-301F-11D3-BF4B-00C04F79EFBC}") = "Sign", "Sign\Sign.csproj", "{E396D0ED-B9E2-4917-A4F8-ECD82C1351E7}"
EndProject
Project("{FAE04EC0-301F-11D3-BF4B-00C04F79EFBC}") = "FormatterDeformatter", "FormatterDeformatter\FormatterDeformatter.csproj", "{3FAA8F19-3354-43D3-B003-42002BC022F1}"
EndProject
Project("{FAE04EC0-301F-11D3-BF4B-00C04F79EFBC}") = "FileHash", "FileHash\FileHash.csproj", "{F1BF94B7-116B-4B12-B94B-4A6DE55E08CC}"
EndProject
Global
	GlobalSection(SolutionConfigurationPlatforms) = preSolution
		Debug|Any CPU = Debug|Any CPU
		Release|Any CPU = Release|Any CPU
	EndGlobalSection
	GlobalSection(ProjectConfigurationPlatforms) = postSolution
		{B7AC9959-A21D-4DC2-AFAD-411CBA828D9A}.Debug|Any CPU.ActiveCfg = Debug|Any CPU
		{B7AC9959-A21D-4DC2-AFAD-411CBA828D9A}.Debug|Any CPU.Build.0 = Debug|Any CPU
		{B7AC9959-A21D-4DC2-AFAD-411CBA828D9A}.Release|Any CPU.ActiveCfg = Release|Any CPU
		{B7AC9959-A21D-4DC2-AFAD-411CBA828D9A}.Release|Any CPU.Build.0 = Release|Any CPU
		{1C4399AC-FDB6-4C4C-88F8-EDF39E545783}.Debug|Any CPU.ActiveCfg = Debug|Any CPU
		{1C4399AC-FDB6-4C4C-88F8-EDF39E545783}.Debug|Any CPU.Build.0 = Debug|Any CPU
		{1C4399AC-FDB6-4C4C-88F8-EDF39E545783}.Release|Any CPU.ActiveCfg = Release|Any CPU
		{1C4399AC-FDB6-4C4C-88F8-EDF39E545783}.Release|Any CPU.Build.0 = Release|Any CPU
		{35AB4AAD-0E16-472E-B758-8D545162DEC6}.Debug|Any CPU.ActiveCfg = Debug|Any CPU
		{35AB4AAD-0E16-472E-B758-8D545162DEC6}.Debug|Any CPU.Build.0 = Debug|Any CPU
		{35AB4AAD-0E16-472E-B758-8D545162DEC6}.Release|Any CPU.ActiveCfg = Release|Any CPU
		{35AB4AAD-0E16-472E-B758-8D545162DEC6}.Release|Any CPU.Build.0 = Release|Any CPU
		{EC4AF814-44B8-4F13-A731-BAB5C1E40B53}.Debug|Any CPU.ActiveCfg = Debug|Any CPU
		{EC4AF814-44B8-4F13-A731-BAB5C1E40B53}.Debug|Any CPU.Build.0 = Debug|Any CPU
		{EC4AF814-44B8-4F13-A731-BAB5C1E40B53}.Release|Any CPU.ActiveCfg = Release|Any CPU
		{EC4AF814-44B8-4F13-A731-BAB5C1E40B53}.Release|Any CPU.Build.0 = Release|Any CPU
		{50E16778-BEEE-4D63-BFDF-7FAA221223E5}.Debug|Any CPU.ActiveCfg = Debug|Any CPU
		{50E16778-BEEE-4D63-BFDF-7FAA221223E5}.Debug|Any CPU.Build.0 = Debug|Any CPU
		{50E16778-BEEE-4D63-BFDF-7FAA221223E5}.Release|Any CPU.ActiveCfg = Release|Any CPU
		{50E16778-BEEE-4D63-BFDF-7FAA221223E5}.Release|Any CPU.Build.0 = Release|Any CPU
		{3B4F3645-E8AE-4FFE-8B5D-722D00AEF762}.Debug|Any CPU.ActiveCfg = Debug|Any CPU
		{3B4F3645-E8AE-4FFE-8B5D-722D00AEF762}.Debug|Any CPU.Build.0 = Debug|Any CPU
		{3B4F3645-E8AE-4FFE-8B5D-722D00AEF762}.Release|Any CPU.ActiveCfg = Release|Any CPU
		{3B4F3645-E8AE-4FFE-8B5D-722D00AEF762}.Release|Any CPU.Build.0 = Release|Any CPU
		{DDE503DD-8241-4857-9088-6880502AE57D}.Debug|Any CPU.ActiveCfg = Debug|Any CPU
		{DDE503DD-8241-4857-9088-6880502AE57D}.Debug|Any CPU.Build.0 = Debug|Any CPU
		{DDE503DD-8241-4857-9088-6880502AE57D}.Release|Any CPU.ActiveCfg = Release|Any CPU
		{DDE503DD-8241-4857-9088-6880502AE57D}.Release|Any CPU.Build.0 = Release|Any CPU
		{E396D0ED-B9E2-4917-A4F8-ECD82C1351E7}.Debug|Any CPU.ActiveCfg = Debug|Any CPU
		{E396D0ED-B9E2-4917-A4F8-ECD82C1351E7}.Debug|Any CPU.Build.0 = Debug|Any CPU
		{E396D0ED-B9E2-4917-A4F8-ECD82C1351E7}.Release|Any CPU.ActiveCfg = Release|Any CPU
		{E396D0ED-B9E2-4917-A4F8-ECD82C1351E7}.Release|Any CPU.Build.0 = Release|Any CPU
		{3FAA8F19-3354-43D3-B003-42002BC022F1}.Debug|Any CPU.ActiveCfg = Debug|Any CPU
		{3FAA8F19-3354-43D3-B003-42002BC022F1}.Debug|Any CPU.Build.0 = Debug|Any CPU
		{3FAA8F19-3354-43D3-B003-42002BC022F1}.Release|Any CPU.ActiveCfg = Release|Any CPU
		{3FAA8F19-3354-43D3-B003-42002BC022F1}.Release|Any CPU.Build.0 = Release|Any CPU
		{F1BF94B7-116B-4B12-B94B-4A6DE55E08CC}.Debug|Any CPU.ActiveCfg = Debug|Any CPU
		{F1BF94B7-116B-4B12-B94B-4A6DE55E08CC}.Debug|Any CPU.Build.0 = Debug|Any CPU
		{F1BF94B7-116B-4B12-B94B-4A6DE55E08CC}.Release|Any CPU.ActiveCfg = Release|Any CPU
		{F1BF94B7-116B-4B12-B94B-4A6DE55E08CC}.Release|Any CPU.Build.0 = Release|Any CPU
	EndGlobalSection
	GlobalSection(SolutionProperties) = preSolution
		HideSolutionNode = FALSE
	EndGlobalSection
EndGlobal
